
Microsoft Visual Studio Solution File, Format Version 12.00
# Visual Studio Version 17
VisualStudioVersion = 17.5.002.0
MinimumVisualStudioVersion = 10.0.40219.1
Project("{9A19103F-16F7-4668-BE54-9A1E7A4F7556}") = "ContosoCraftWebPage", "ContosoCraftWebPage\ContosoCraftWebPage.csproj", "{215B8EBE-957F-40EE-AFB0-17A5919F138D}"
EndProject
Global
	GlobalSection(SolutionConfigurationPlatforms) = preSolution
		Debug|Any CPU = Debug|Any CPU
		Release|Any CPU = Release|Any CPU
	EndGlobalSection
	GlobalSection(ProjectConfigurationPlatforms) = postSolution
		{215B8EBE-957F-40EE-AFB0-17A5919F138D}.Debug|Any CPU.ActiveCfg = Debug|Any CPU
		{215B8EBE-957F-40EE-AFB0-17A5919F138D}.Debug|Any CPU.Build.0 = Debug|Any CPU
		{215B8EBE-957F-40EE-AFB0-17A5919F138D}.Release|Any CPU.ActiveCfg = Release|Any CPU
		{215B8EBE-957F-40EE-AFB0-17A5919F138D}.Release|Any CPU.Build.0 = Release|Any CPU
	EndGlobalSection
	GlobalSection(SolutionProperties) = preSolution
		HideSolutionNode = FALSE
	EndGlobalSection
	GlobalSection(ExtensibilityGlobals) = postSolution
		SolutionGuid = {B53DB65F-D88B-467B-B706-13C5C54D09F5}
	EndGlobalSection
EndGlobal
